// !$*UTF8*$!
{
	archiveVersion = 1;
	classes = {
	};
	objectVersion = 50;
	objects = {

/* Begin PBXBuildFile section */
		E739D83723A9C58E007A660A /* AppDelegate.swift in Sources */ = {isa = PBXBuildFile; fileRef = E739D83623A9C58E007A660A /* AppDelegate.swift */; };
		E739D83923A9C58E007A660A /* SceneDelegate.swift in Sources */ = {isa = PBXBuildFile; fileRef = E739D83823A9C58E007A660A /* SceneDelegate.swift */; };
		E739D83B23A9C58E007A660A /* ViewController.swift in Sources */ = {isa = PBXBuildFile; fileRef = E739D83A23A9C58E007A660A /* ViewController.swift */; };
		E739D83E23A9C58E007A660A /* Main.storyboard in Resources */ = {isa = PBXBuildFile; fileRef = E739D83C23A9C58E007A660A /* Main.storyboard */; };
		E739D84023A9C590007A660A /* Assets.xcassets in Resources */ = {isa = PBXBuildFile; fileRef = E739D83F23A9C590007A660A /* Assets.xcassets */; };
		E739D84323A9C590007A660A /* LaunchScreen.storyboard in Resources */ = {isa = PBXBuildFile; fileRef = E739D84123A9C590007A660A /* LaunchScreen.storyboard */; };
		E739D84B23A9D0DD007A660A /* TableViewBasic.swift in Sources */ = {isa = PBXBuildFile; fileRef = E739D84A23A9D0DD007A660A /* TableViewBasic.swift */; };
		E739D84D23AA194B007A660A /* ListViewController.swift in Sources */ = {isa = PBXBuildFile; fileRef = E739D84C23AA194B007A660A /* ListViewController.swift */; };
		E739D84F23AA3247007A660A /* TableViewSection.swift in Sources */ = {isa = PBXBuildFile; fileRef = E739D84E23AA3247007A660A /* TableViewSection.swift */; };
		E739D85123AA4261007A660A /* TwoTableViewSection.swift in Sources */ = {isa = PBXBuildFile; fileRef = E739D85023AA4261007A660A /* TwoTableViewSection.swift */; };
		E739D85323AA4F87007A660A /* ThreeTableViewSection.swift in Sources */ = {isa = PBXBuildFile; fileRef = E739D85223AA4F87007A660A /* ThreeTableViewSection.swift */; };
/* End PBXBuildFile section */

/* Begin PBXFileReference section */
		E739D83323A9C58E007A660A /* TableViewTestExample.app */ = {isa = PBXFileReference; explicitFileType = wrapper.application; includeInIndex = 0; path = TableViewTestExample.app; sourceTree = BUILT_PRODUCTS_DIR; };
		E739D83623A9C58E007A660A /* AppDelegate.swift */ = {isa = PBXFileReference; lastKnownFileType = sourcecode.swift; path = AppDelegate.swift; sourceTree = "<group>"; };
		E739D83823A9C58E007A660A /* SceneDelegate.swift */ = {isa = PBXFileReference; lastKnownFileType = sourcecode.swift; path = SceneDelegate.swift; sourceTree = "<group>"; };
		E739D83A23A9C58E007A660A /* ViewController.swift */ = {isa = PBXFileReference; lastKnownFileType = sourcecode.swift; path = ViewController.swift; sourceTree = "<group>"; };
		E739D83D23A9C58E007A660A /* Base */ = {isa = PBXFileReference; lastKnownFileType = file.storyboard; name = Base; path = Base.lproj/Main.storyboard; sourceTree = "<group>"; };
		E739D83F23A9C590007A660A /* Assets.xcassets */ = {isa = PBXFileReference; lastKnownFileType = folder.assetcatalog; path = Assets.xcassets; sourceTree = "<group>"; };
		E739D84223A9C590007A660A /* Base */ = {isa = PBXFileReference; lastKnownFileType = file.storyboard; name = Base; path = Base.lproj/LaunchScreen.storyboard; sourceTree = "<group>"; };
		E739D84423A9C590007A660A /* Info.plist */ = {isa = PBXFileReference; lastKnownFileType = text.plist.xml; path = Info.plist; sourceTree = "<group>"; };
		E739D84A23A9D0DD007A660A /* TableViewBasic.swift */ = {isa = PBXFileReference; lastKnownFileType = sourcecode.swift; path = TableViewBasic.swift; sourceTree = "<group>"; };
		E739D84C23AA194B007A660A /* ListViewController.swift */ = {isa = PBXFileReference; lastKnownFileType = sourcecode.swift; path = ListViewController.swift; sourceTree = "<group>"; };
		E739D84E23AA3247007A660A /* TableViewSection.swift */ = {isa = PBXFileReference; lastKnownFileType = sourcecode.swift; path = TableViewSection.swift; sourceTree = "<group>"; };
		E739D85023AA4261007A660A /* TwoTableViewSection.swift */ = {isa = PBXFileReference; lastKnownFileType = sourcecode.swift; path = TwoTableViewSection.swift; sourceTree = "<group>"; };
		E739D85223AA4F87007A660A /* ThreeTableViewSection.swift */ = {isa = PBXFileReference; lastKnownFileType = sourcecode.swift; path = ThreeTableViewSection.swift; sourceTree = "<group>"; };
/* End PBXFileReference section */

/* Begin PBXFrameworksBuildPhase section */
		E739D83023A9C58E007A660A /* Frameworks */ = {
			isa = PBXFrameworksBuildPhase;
			buildActionMask = 2147483647;
			files = (
			);
			runOnlyForDeploymentPostprocessing = 0;
		};
/* End PBXFrameworksBuildPhase section */

/* Begin PBXGroup section */
		E739D82A23A9C58E007A660A = {
			isa = PBXGroup;
			children = (
				E739D83523A9C58E007A660A /* TableViewTestExample */,
				E739D83423A9C58E007A660A /* Products */,
			);
			sourceTree = "<group>";
		};
		E739D83423A9C58E007A660A /* Products */ = {
			isa = PBXGroup;
			children = (
				E739D83323A9C58E007A660A /* TableViewTestExample.app */,
			);
			name = Products;
			sourceTree = "<group>";
		};
		E739D83523A9C58E007A660A /* TableViewTestExample */ = {
			isa = PBXGroup;
			children = (
				E739D83623A9C58E007A660A /* AppDelegate.swift */,
				E739D83823A9C58E007A660A /* SceneDelegate.swift */,
				E739D83A23A9C58E007A660A /* ViewController.swift */,
				E739D84C23AA194B007A660A /* ListViewController.swift */,
				E739D84A23A9D0DD007A660A /* TableViewBasic.swift */,
				E739D84E23AA3247007A660A /* TableViewSection.swift */,
				E739D85023AA4261007A660A /* TwoTableViewSection.swift */,
				E739D85223AA4F87007A660A /* ThreeTableViewSection.swift */,
				E739D83C23A9C58E007A660A /* Main.storyboard */,
				E739D83F23A9C590007A660A /* Assets.xcassets */,
				E739D84123A9C590007A660A /* LaunchScreen.storyboard */,
				E739D84423A9C590007A660A /* Info.plist */,
			);
			path = TableViewTestExample;
			sourceTree = "<group>";
		};
/* End PBXGroup section */

/* Begin PBXNativeTarget section */
		E739D83223A9C58E007A660A /* TableViewTestExample */ = {
			isa = PBXNativeTarget;
			buildConfigurationList = E739D84723A9C590007A660A /* Build configuration list for PBXNativeTarget "TableViewTestExample" */;
			buildPhases = (
				E739D82F23A9C58E007A660A /* Sources */,
				E739D83023A9C58E007A660A /* Frameworks */,
				E739D83123A9C58E007A660A /* Resources */,
			);
			buildRules = (
			);
			dependencies = (
			);
			name = TableViewTestExample;
			productName = TableViewTestExample;
			productReference = E739D83323A9C58E007A660A /* TableViewTestExample.app */;
			productType = "com.apple.product-type.application";
		};
/* End PBXNativeTarget section */

/* Begin PBXProject section */
		E739D82B23A9C58E007A660A /* Project object */ = {
			isa = PBXProject;
			attributes = {
				LastSwiftUpdateCheck = 1130;
				LastUpgradeCheck = 1130;
				ORGANIZATIONNAME = eunyuni;
				TargetAttributes = {
					E739D83223A9C58E007A660A = {
						CreatedOnToolsVersion = 11.3;
					};
				};
			};
			buildConfigurationList = E739D82E23A9C58E007A660A /* Build configuration list for PBXProject "TableViewTestExample" */;
			compatibilityVersion = "Xcode 9.3";
			developmentRegion = en;
			hasScannedForEncodings = 0;
			knownRegions = (
				en,
				Base,
			);
			mainGroup = E739D82A23A9C58E007A660A;
			productRefGroup = E739D83423A9C58E007A660A /* Products */;
			projectDirPath = "";
			projectRoot = "";
			targets = (
				E739D83223A9C58E007A660A /* TableViewTestExample */,
			);
		};
/* End PBXProject section */

/* Begin PBXResourcesBuildPhase section */
		E739D83123A9C58E007A660A /* Resources */ = {
			isa = PBXResourcesBuildPhase;
			buildActionMask = 2147483647;
			files = (
				E739D84323A9C590007A660A /* LaunchScreen.storyboard in Resources */,
				E739D84023A9C590007A660A /* Assets.xcassets in Resources */,
				E739D83E23A9C58E007A660A /* Main.storyboard in Resources */,
			);
			runOnlyForDeploymentPostprocessing = 0;
		};
/* End PBXResourcesBuildPhase section */

/* Begin PBXSourcesBuildPhase section */
		E739D82F23A9C58E007A660A /* Sources */ = {
			isa = PBXSourcesBuildPhase;
			buildActionMask = 2147483647;
			files = (
				E739D84B23A9D0DD007A660A /* TableViewBasic.swift in Sources */,
				E739D83B23A9C58E007A660A /* ViewController.swift in Sources */,
				E739D83723A9C58E007A660A /* AppDelegate.swift in Sources */,
				E739D84F23AA3247007A660A /* TableViewSection.swift in Sources */,
				E739D84D23AA194B007A660A /* ListViewController.swift in Sources */,
				E739D83923A9C58E007A660A /* SceneDelegate.swift in Sources */,
				E739D85323AA4F87007A660A /* ThreeTableViewSection.swift in Sources */,
				E739D85123AA4261007A660A /* TwoTableViewSection.swift in Sources */,
			);
			runOnlyForDeploymentPostprocessing = 0;
		};
/* End PBXSourcesBuildPhase section */

/* Begin PBXVariantGroup section */
		E739D83C23A9C58E007A660A /* Main.storyboard */ = {
			isa = PBXVariantGroup;
			children = (
				E739D83D23A9C58E007A660A /* Base */,
			);
			name = Main.storyboard;
			sourceTree = "<group>";
		};
		E739D84123A9C590007A660A /* LaunchScreen.storyboard */ = {
			isa = PBXVariantGroup;
			children = (
				E739D84223A9C590007A660A /* Base */,
			);
			name = LaunchScreen.storyboard;
			sourceTree = "<group>";
		};
/* End PBXVariantGroup section */

/* Begin XCBuildConfiguration section */
		E739D84523A9C590007A660A /* Debug */ = {
			isa = XCBuildConfiguration;
			buildSettings = {
				ALWAYS_SEARCH_USER_PATHS = NO;
				CLANG_ANALYZER_NONNULL = YES;
				CLANG_ANALYZER_NUMBER_OBJECT_CONVERSION = YES_AGGRESSIVE;
				CLANG_CXX_LANGUAGE_STANDARD = "gnu++14";
				CLANG_CXX_LIBRARY = "libc++";
				CLANG_ENABLE_MODULES = YES;
				CLANG_ENABLE_OBJC_ARC = YES;
				CLANG_ENABLE_OBJC_WEAK = YES;
				CLANG_WARN_BLOCK_CAPTURE_AUTORELEASING = YES;
				CLANG_WARN_BOOL_CONVERSION = YES;
				CLANG_WARN_COMMA = YES;
				CLANG_WARN_CONSTANT_CONVERSION = YES;
				CLANG_WARN_DEPRECATED_OBJC_IMPLEMENTATIONS = YES;
				CLANG_WARN_DIRECT_OBJC_ISA_USAGE = YES_ERROR;
				CLANG_WARN_DOCUMENTATION_COMMENTS = YES;
				CLANG_WARN_EMPTY_BODY = YES;
				CLANG_WARN_ENUM_CONVERSION = YES;
				CLANG_WARN_INFINITE_RECURSION = YES;
				CLANG_WARN_INT_CONVERSION = YES;
				CLANG_WARN_NON_LITERAL_NULL_CONVERSION = YES;
				CLANG_WARN_OBJC_IMPLICIT_RETAIN_SELF = YES;
				CLANG_WARN_OBJC_LITERAL_CONVERSION = YES;
				CLANG_WARN_OBJC_ROOT_CLASS = YES_ERROR;
				CLANG_WARN_RANGE_LOOP_ANALYSIS = YES;
				CLANG_WARN_STRICT_PROTOTYPES = YES;
				CLANG_WARN_SUSPICIOUS_MOVE = YES;
				CLANG_WARN_UNGUARDED_AVAILABILITY = YES_AGGRESSIVE;
				CLANG_WARN_UNREACHABLE_CODE = YES;
				CLANG_WARN__DUPLICATE_METHOD_MATCH = YES;
				COPY_PHASE_STRIP = NO;
				DEBUG_INFORMATION_FORMAT = dwarf;
				ENABLE_STRICT_OBJC_MSGSEND = YES;
				ENABLE_TESTABILITY = YES;
				GCC_C_LANGUAGE_STANDARD = gnu11;
				GCC_DYNAMIC_NO_PIC = NO;
				GCC_NO_COMMON_BLOCKS = YES;
				GCC_OPTIMIZATION_LEVEL = 0;
				GCC_PREPROCESSOR_DEFINITIONS = (
					"DEBUG=1",
					"$(inherited)",
				);
				GCC_WARN_64_TO_32_BIT_CONVERSION = YES;
				GCC_WARN_ABOUT_RETURN_TYPE = YES_ERROR;
				GCC_WARN_UNDECLARED_SELECTOR = YES;
				GCC_WARN_UNINITIALIZED_AUTOS = YES_AGGRESSIVE;
				GCC_WARN_UNUSED_FUNCTION = YES;
				GCC_WARN_UNUSED_VARIABLE = YES;
				IPHONEOS_DEPLOYMENT_TARGET = 13.2;
				MTL_ENABLE_DEBUG_INFO = INCLUDE_SOURCE;
				MTL_FAST_MATH = YES;
				ONLY_ACTIVE_ARCH = YES;
				SDKROOT = iphoneos;
				SWIFT_ACTIVE_COMPILATION_CONDITIONS = DEBUG;
				SWIFT_OPTIMIZATION_LEVEL = "-Onone";
			};
			name = Debug;
		};
		E739D84623A9C590007A660A /* Release */ = {
			isa = XCBuildConfiguration;
			buildSettings = {
				ALWAYS_SEARCH_USER_PATHS = NO;
				CLANG_ANALYZER_NONNULL = YES;
				CLANG_ANALYZER_NUMBER_OBJECT_CONVERSION = YES_AGGRESSIVE;
				CLANG_CXX_LANGUAGE_STANDARD = "gnu++14";
				CLANG_CXX_LIBRARY = "libc++";
				CLANG_ENABLE_MODULES = YES;
				CLANG_ENABLE_OBJC_ARC = YES;
				CLANG_ENABLE_OBJC_WEAK = YES;
				CLANG_WARN_BLOCK_CAPTURE_AUTORELEASING = YES;
				CLANG_WARN_BOOL_CONVERSION = YES;
				CLANG_WARN_COMMA = YES;
				CLANG_WARN_CONSTANT_CONVERSION = YES;
				CLANG_WARN_DEPRECATED_OBJC_IMPLEMENTATIONS = YES;
				CLANG_WARN_DIRECT_OBJC_ISA_USAGE = YES_ERROR;
				CLANG_WARN_DOCUMENTATION_COMMENTS = YES;
				CLANG_WARN_EMPTY_BODY = YES;
				CLANG_WARN_ENUM_CONVERSION = YES;
				CLANG_WARN_INFINITE_RECURSION = YES;
				CLANG_WARN_INT_CONVERSION = YES;
				CLANG_WARN_NON_LITERAL_NULL_CONVERSION = YES;
				CLANG_WARN_OBJC_IMPLICIT_RETAIN_SELF = YES;
				CLANG_WARN_OBJC_LITERAL_CONVERSION = YES;
				CLANG_WARN_OBJC_ROOT_CLASS = YES_ERROR;
				CLANG_WARN_RANGE_LOOP_ANALYSIS = YES;
				CLANG_WARN_STRICT_PROTOTYPES = YES;
				CLANG_WARN_SUSPICIOUS_MOVE = YES;
				CLANG_WARN_UNGUARDED_AVAILABILITY = YES_AGGRESSIVE;
				CLANG_WARN_UNREACHABLE_CODE = YES;
				CLANG_WARN__DUPLICATE_METHOD_MATCH = YES;
				COPY_PHASE_STRIP = NO;
				DEBUG_INFORMATION_FORMAT = "dwarf-with-dsym";
				ENABLE_NS_ASSERTIONS = NO;
				ENABLE_STRICT_OBJC_MSGSEND = YES;
				GCC_C_LANGUAGE_STANDARD = gnu11;
				GCC_NO_COMMON_BLOCKS = YES;
				GCC_WARN_64_TO_32_BIT_CONVERSION = YES;
				GCC_WARN_ABOUT_RETURN_TYPE = YES_ERROR;
				GCC_WARN_UNDECLARED_SELECTOR = YES;
				GCC_WARN_UNINITIALIZED_AUTOS = YES_AGGRESSIVE;
				GCC_WARN_UNUSED_FUNCTION = YES;
				GCC_WARN_UNUSED_VARIABLE = YES;
				IPHONEOS_DEPLOYMENT_TARGET = 13.2;
				MTL_ENABLE_DEBUG_INFO = NO;
				MTL_FAST_MATH = YES;
				SDKROOT = iphoneos;
				SWIFT_COMPILATION_MODE = wholemodule;
				SWIFT_OPTIMIZATION_LEVEL = "-O";
				VALIDATE_PRODUCT = YES;
			};
			name = Release;
		};
		E739D84823A9C590007A660A /* Debug */ = {
			isa = XCBuildConfiguration;
			buildSettings = {
				ASSETCATALOG_COMPILER_APPICON_NAME = AppIcon;
				CODE_SIGN_STYLE = Automatic;
				INFOPLIST_FILE = TableViewTestExample/Info.plist;
				LD_RUNPATH_SEARCH_PATHS = (
					"$(inherited)",
					"@executable_path/Frameworks",
				);
				PRODUCT_BUNDLE_IDENTIFIER = kr.eunyuni.example.TableViewTestExample;
				PRODUCT_NAME = "$(TARGET_NAME)";
				SWIFT_VERSION = 5.0;
				TARGETED_DEVICE_FAMILY = "1,2";
			};
			name = Debug;
		};
		E739D84923A9C590007A660A /* Release */ = {
			isa = XCBuildConfiguration;
			buildSettings = {
				ASSETCATALOG_COMPILER_APPICON_NAME = AppIcon;
				CODE_SIGN_STYLE = Automatic;
				INFOPLIST_FILE = TableViewTestExample/Info.plist;
				LD_RUNPATH_SEARCH_PATHS = (
					"$(inherited)",
					"@executable_path/Frameworks",
				);
				PRODUCT_BUNDLE_IDENTIFIER = kr.eunyuni.example.TableViewTestExample;
				PRODUCT_NAME = "$(TARGET_NAME)";
				SWIFT_VERSION = 5.0;
				TARGETED_DEVICE_FAMILY = "1,2";
			};
			name = Release;
		};
/* End XCBuildConfiguration section */

/* Begin XCConfigurationList section */
		E739D82E23A9C58E007A660A /* Build configuration list for PBXProject "TableViewTestExample" */ = {
			isa = XCConfigurationList;
			buildConfigurations = (
				E739D84523A9C590007A660A /* Debug */,
				E739D84623A9C590007A660A /* Release */,
			);
			defaultConfigurationIsVisible = 0;
			defaultConfigurationName = Release;
		};
		E739D84723A9C590007A660A /* Build configuration list for PBXNativeTarget "TableViewTestExample" */ = {
			isa = XCConfigurationList;
			buildConfigurations = (
				E739D84823A9C590007A660A /* Debug */,
				E739D84923A9C590007A660A /* Release */,
			);
			defaultConfigurationIsVisible = 0;
			defaultConfigurationName = Release;
		};
/* End XCConfigurationList section */
	};
	rootObject = E739D82B23A9C58E007A660A /* Project object */;
}
